
Microsoft Visual Studio Solution File, Format Version 12.00
# Visual Studio 15
VisualStudioVersion = 15.0.28307.852
MinimumVisualStudioVersion = 10.0.40219.1
Project("{FAE04EC0-301F-11D3-BF4B-00C04F79EFBC}") = "_20191021_forPirma", "_20191021_forPirma\_20191021_forPirma.csproj", "{4F99F09E-E689-4C99-BA4F-B49C86FF2D40}"
EndProject
Global
	GlobalSection(SolutionConfigurationPlatforms) = preSolution
		Debug|Any CPU = Debug|Any CPU
		Release|Any CPU = Release|Any CPU
	EndGlobalSection
	GlobalSection(ProjectConfigurationPlatforms) = postSolution
		{4F99F09E-E689-4C99-BA4F-B49C86FF2D40}.Debug|Any CPU.ActiveCfg = Debug|Any CPU
		{4F99F09E-E689-4C99-BA4F-B49C86FF2D40}.Debug|Any CPU.Build.0 = Debug|Any CPU
		{4F99F09E-E689-4C99-BA4F-B49C86FF2D40}.Release|Any CPU.ActiveCfg = Release|Any CPU
		{4F99F09E-E689-4C99-BA4F-B49C86FF2D40}.Release|Any CPU.Build.0 = Release|Any CPU
	EndGlobalSection
	GlobalSection(SolutionProperties) = preSolution
		HideSolutionNode = FALSE
	EndGlobalSection
	GlobalSection(ExtensibilityGlobals) = postSolution
		SolutionGuid = {3204D08A-5349-444E-AA28-97F385F19A6A}
	EndGlobalSection
EndGlobal
