
Microsoft Visual Studio Solution File, Format Version 12.00
# Visual Studio 15
VisualStudioVersion = 15.0.28307.852
MinimumVisualStudioVersion = 10.0.40219.1
Project("{FAE04EC0-301F-11D3-BF4B-00C04F79EFBC}") = "_20191018_skaiciavimoMasinele", "_20191018_skaiciavimoMasinele\_20191018_skaiciavimoMasinele.csproj", "{0786AD24-8947-4530-80CB-E8109B5625EB}"
EndProject
Global
	GlobalSection(SolutionConfigurationPlatforms) = preSolution
		Debug|Any CPU = Debug|Any CPU
		Release|Any CPU = Release|Any CPU
	EndGlobalSection
	GlobalSection(ProjectConfigurationPlatforms) = postSolution
		{0786AD24-8947-4530-80CB-E8109B5625EB}.Debug|Any CPU.ActiveCfg = Debug|Any CPU
		{0786AD24-8947-4530-80CB-E8109B5625EB}.Debug|Any CPU.Build.0 = Debug|Any CPU
		{0786AD24-8947-4530-80CB-E8109B5625EB}.Release|Any CPU.ActiveCfg = Release|Any CPU
		{0786AD24-8947-4530-80CB-E8109B5625EB}.Release|Any CPU.Build.0 = Release|Any CPU
	EndGlobalSection
	GlobalSection(SolutionProperties) = preSolution
		HideSolutionNode = FALSE
	EndGlobalSection
	GlobalSection(ExtensibilityGlobals) = postSolution
		SolutionGuid = {DC0B7C30-9E10-480C-89AC-608B86589CFF}
	EndGlobalSection
EndGlobal
